{
    "_meta": {
        "hash": {
            "sha256": "3d664f6f95edf8917ac0b42a9c0ef69532449849e9b07c58182e8174172b3b9e"
        },
        "pipfile-spec": 6,
        "requires": {
            "python_version": "3.11"
        },
        "sources": [
            {
                "name": "pypi",
                "url": "https://pypi.org/simple",
                "verify_ssl": true
            }
        ]
    },
    "default": {
        "colorama": {
            "hashes": [
                "sha256:08695f5cb7ed6e0531a20572697297273c47b8cae5a63ffc6d6ed5c201be6e44",
                "sha256:4f1d9991f5acc0ca119f9d443620b77f9d6b33703e51011c16baf57afb285fc6"
            ],
            "markers": "sys_platform == 'win32'",
            "version": "==0.4.6"
        },
        "colorlog": {
            "hashes": [
                "sha256:0d33ca236784a1ba3ff9c532d4964126d8a2c44f1f0cb1d2b0728196f512f662",
                "sha256:bd94bd21c1e13fac7bd3153f4bc3a7dc0eb0974b8bc2fdf1a989e474f6e582e5"
            ],
            "index": "pypi",
            "version": "==6.7.0"
        },
        "python-dotenv": {
            "hashes": [
                "sha256:a8df96034aae6d2d50a4ebe8216326c61c3eb64836776504fcca410e5937a3ba",
                "sha256:f5971a9226b701070a4bf2c38c89e5a3f0d64de8debda981d1db98583009122a"
            ],
            "index": "pypi",
            "version": "==1.0.0"
        },
        "schedule": {
            "hashes": [
                "sha256:415908febaba0bc9a7c727a32efb407d646fe994367ef9157d123aabbe539ea8",
                "sha256:b4ad697aafba7184c9eb6a1e2ebc41f781547242acde8ceae9a0a25b04c0922d"
            ],
            "index": "pypi",
            "version": "==1.2.0"
        },
        "slack-bolt": {
            "hashes": [
                "sha256:43b121acf78440303ce5129e53be36bdfe5d926a193daef7daf2860688e65dd3",
                "sha256:63089a401ae3900c37698890249acd008a4651d06e86194edc7b72a00819bbac"
            ],
            "index": "pypi",
            "version": "==1.18.0"
        },
        "slack-sdk": {
            "hashes": [
                "sha256:20829bdc1a423ec93dac903470975ebf3bc76fd3fd91a4dadc0eeffc940ecb0c",
                "sha256:de3c07b92479940b61cd68c566f49fbc9974c8f38f661d26244078f3903bb9cc"
            ],
            "index": "pypi",
            "version": "==3.21.3"
        }
    },
    "develop": {}
}
