# This file is automatically @generated by Poetry 1.7.1 and should not be changed by hand.

[[package]]
name = "python-dotenv"
version = "1.0.1"
description = "Read key-value pairs from a .env file and set them as environment variables"
optional = false
python-versions = ">=3.8"
files = [
    {file = "python-dotenv-1.0.1.tar.gz", hash = "sha256:e324ee90a023d808f1959c46bcbc04446a10ced277783dc6ee09987c37ec10ca"},
    {file = "python_dotenv-1.0.1-py3-none-any.whl", hash = "sha256:f7b63ef50f1b690dddf550d03497b66d609393b40b564ed0d674909a68ebf16a"},
]

[package.extras]
cli = ["click (>=5.0)"]

[[package]]
name = "schedule"
version = "1.2.2"
description = "Job scheduling for humans."
optional = false
python-versions = ">=3.7"
files = [
    {file = "schedule-1.2.2-py3-none-any.whl", hash = "sha256:5bef4a2a0183abf44046ae0d164cadcac21b1db011bdd8102e4a0c1e91e06a7d"},
    {file = "schedule-1.2.2.tar.gz", hash = "sha256:15fe9c75fe5fd9b9627f3f19cc0ef1420508f9f9a46f45cd0769ef75ede5f0b7"},
]

[package.extras]
timezone = ["pytz"]

[[package]]
name = "slack-bolt"
version = "1.21.2"
description = "The Bolt Framework for Python"
optional = false
python-versions = ">=3.6"
files = [
    {file = "slack_bolt-1.21.2-py2.py3-none-any.whl", hash = "sha256:6860fc8693ca543b653c5d49a09b8b542f5fb7a02638342a7ddd18d8bc6f3ba0"},
    {file = "slack_bolt-1.21.2.tar.gz", hash = "sha256:05ac2d454adfddfc629fb63c7a3723bd1432a24373119368bc81f2f52b029cbf"},
]

[package.dependencies]
slack-sdk = ">=3.33.1,<4"

[[package]]
name = "slack-sdk"
version = "3.33.4"
description = "The Slack API Platform SDK for Python"
optional = false
python-versions = ">=3.6"
files = [
    {file = "slack_sdk-3.33.4-py2.py3-none-any.whl", hash = "sha256:9f30cb3c9c07b441c49d53fc27f9f1837ad1592a7e9d4ca431f53cdad8826cc6"},
    {file = "slack_sdk-3.33.4.tar.gz", hash = "sha256:5e109847f6b6a22d227609226ba4ed936109dc00675bddeb7e0bee502d3ee7e0"},
]

[package.extras]
optional = ["SQLAlchemy (>=1.4,<3)", "aiodns (>1.0)", "aiohttp (>=3.7.3,<4)", "boto3 (<=2)", "websocket-client (>=1,<2)", "websockets (>=9.1,<14)"]

[metadata]
lock-version = "2.0"
python-versions = "^3.11.9"
content-hash = "d43a322c131a332def0145658eb7b2261ea9c5cebf32aa1079b29dc27dc80759"
